
Microsoft Visual Studio Solution File, Format Version 12.00
# Visual Studio Version 17
VisualStudioVersion = 17.5.33516.290
MinimumVisualStudioVersion = 10.0.40219.1
Project("{FAE04EC0-301F-11D3-BF4B-00C04F79EFBC}") = "CSharp_Operator", "CSharp_Operator\CSharp_Operator.csproj", "{9C705AE2-65F9-4FC5-B9FB-FB92B2EE707B}"
EndProject
Global
	GlobalSection(SolutionConfigurationPlatforms) = preSolution
		Debug|Any CPU = Debug|Any CPU
		Release|Any CPU = Release|Any CPU
	EndGlobalSection
	GlobalSection(ProjectConfigurationPlatforms) = postSolution
		{9C705AE2-65F9-4FC5-B9FB-FB92B2EE707B}.Debug|Any CPU.ActiveCfg = Debug|Any CPU
		{9C705AE2-65F9-4FC5-B9FB-FB92B2EE707B}.Debug|Any CPU.Build.0 = Debug|Any CPU
		{9C705AE2-65F9-4FC5-B9FB-FB92B2EE707B}.Release|Any CPU.ActiveCfg = Release|Any CPU
		{9C705AE2-65F9-4FC5-B9FB-FB92B2EE707B}.Release|Any CPU.Build.0 = Release|Any CPU
	EndGlobalSection
	GlobalSection(SolutionProperties) = preSolution
		HideSolutionNode = FALSE
	EndGlobalSection
	GlobalSection(ExtensibilityGlobals) = postSolution
		SolutionGuid = {5CEED181-80C0-4B5B-A907-89732A201E68}
	EndGlobalSection
EndGlobal
